
Microsoft Visual Studio Solution File, Format Version 12.00
# Visual Studio Version 17
VisualStudioVersion = 17.5.33530.505
MinimumVisualStudioVersion = 10.0.40219.1
Project("{9A19103F-16F7-4668-BE54-9A1E7A4F7556}") = "ApiMeli", "ApiMEli\ApiMeli.csproj", "{0073D9DD-E3AF-4348-8F6D-99739276A55D}"
EndProject
Global
	GlobalSection(SolutionConfigurationPlatforms) = preSolution
		Debug|Any CPU = Debug|Any CPU
		Release|Any CPU = Release|Any CPU
	EndGlobalSection
	GlobalSection(ProjectConfigurationPlatforms) = postSolution
		{0073D9DD-E3AF-4348-8F6D-99739276A55D}.Debug|Any CPU.ActiveCfg = Debug|Any CPU
		{0073D9DD-E3AF-4348-8F6D-99739276A55D}.Debug|Any CPU.Build.0 = Debug|Any CPU
		{0073D9DD-E3AF-4348-8F6D-99739276A55D}.Release|Any CPU.ActiveCfg = Release|Any CPU
		{0073D9DD-E3AF-4348-8F6D-99739276A55D}.Release|Any CPU.Build.0 = Release|Any CPU
	EndGlobalSection
	GlobalSection(SolutionProperties) = preSolution
		HideSolutionNode = FALSE
	EndGlobalSection
	GlobalSection(ExtensibilityGlobals) = postSolution
		SolutionGuid = {19A2694A-0501-4C7F-B98C-40A8A6DCAC05}
	EndGlobalSection
EndGlobal
